{
    "_readme": [
        "This file locks the dependencies of your project to a known state",
        "Read more about it at https://getcomposer.org/doc/01-basic-usage.md#installing-dependencies",
        "This file is @generated automatically"
    ],
    "content-hash": "c2310eb88f642203ac2dbd59158e4fe6",
    "packages": [
        {
            "name": "symfony/flex",
            "version": "v1.2.3",
            "source": {
                "type": "git",
                "url": "https://github.com/symfony/flex.git",
                "reference": "d65041a4c9b1dbcd606f8be3a5bae2bee4534f6a"
            },
            "dist": {
                "type": "zip",
                "url": "https://api.github.com/repos/symfony/flex/zipball/d65041a4c9b1dbcd606f8be3a5bae2bee4534f6a",
                "reference": "d65041a4c9b1dbcd606f8be3a5bae2bee4534f6a",
                "shasum": ""
            },
            "require": {
                "composer-plugin-api": "^1.0",
                "php": "^7.0"
            },
            "require-dev": {
                "composer/composer": "^1.0.2",
                "symfony/dotenv": "^3.4|^4.0",
                "symfony/phpunit-bridge": "^3.4.19|^4.1.8",
                "symfony/process": "^2.7|^3.0|^4.0"
            },
            "type": "composer-plugin",
            "extra": {
                "branch-alias": {
                    "dev-master": "1.2-dev"
                },
                "class": "Symfony\\Flex\\Flex"
            },
            "autoload": {
                "psr-4": {
                    "Symfony\\Flex\\": "src"
                }
            },
            "notification-url": "https://packagist.org/downloads/",
            "license": [
                "MIT"
            ],
            "authors": [
                {
                    "name": "Fabien Potencier",
                    "email": "fabien.potencier@gmail.com"
                }
            ],
            "description": "Composer plugin for Symfony",
            "time": "2019-04-16T10:04:15+00:00"
        }
    ],
    "packages-dev": [],
    "aliases": [],
    "minimum-stability": "stable",
    "stability-flags": [],
    "prefer-stable": false,
    "prefer-lowest": false,
    "platform": {
        "php": ">=7.2"
    },
    "platform-dev": []
}
